
Microsoft Visual Studio Solution File, Format Version 12.00
# Visual Studio Version 17
VisualStudioVersion = 17.6.33815.320
MinimumVisualStudioVersion = 10.0.40219.1
Project("{9A19103F-16F7-4668-BE54-9A1E7A4F7556}") = "UpfGame.NETCore", "UpfGame.NETCore\UpfGame.NETCore.csproj", "{AFBA0780-A3DA-45AB-9585-AA5764C60B31}"
EndProject
Project("{9A19103F-16F7-4668-BE54-9A1E7A4F7556}") = "UpfGame.Android", "UpfGame.Android\UpfGame.Android.csproj", "{7BC11524-770B-41E5-A076-F37EB84C3A67}"
	ProjectSection(ProjectDependencies) = postProject
		{AFBA0780-A3DA-45AB-9585-AA5764C60B31} = {AFBA0780-A3DA-45AB-9585-AA5764C60B31}
	EndProjectSection
EndProject
Project("{9A19103F-16F7-4668-BE54-9A1E7A4F7556}") = "UpfGame.Shared", "UpfGame.Shared\UpfGame.Shared.csproj", "{6E9F957C-8715-4B57-A897-AA20BD830A36}"
EndProject
Global
	GlobalSection(SolutionConfigurationPlatforms) = preSolution
		Debug|Any CPU = Debug|Any CPU
		Release|Any CPU = Release|Any CPU
	EndGlobalSection
	GlobalSection(ProjectConfigurationPlatforms) = postSolution
		{AFBA0780-A3DA-45AB-9585-AA5764C60B31}.Debug|Any CPU.ActiveCfg = Debug|Any CPU
		{AFBA0780-A3DA-45AB-9585-AA5764C60B31}.Debug|Any CPU.Build.0 = Debug|Any CPU
		{AFBA0780-A3DA-45AB-9585-AA5764C60B31}.Release|Any CPU.ActiveCfg = Release|Any CPU
		{AFBA0780-A3DA-45AB-9585-AA5764C60B31}.Release|Any CPU.Build.0 = Release|Any CPU
		{7BC11524-770B-41E5-A076-F37EB84C3A67}.Debug|Any CPU.ActiveCfg = Debug|Any CPU
		{7BC11524-770B-41E5-A076-F37EB84C3A67}.Debug|Any CPU.Build.0 = Debug|Any CPU
		{7BC11524-770B-41E5-A076-F37EB84C3A67}.Debug|Any CPU.Deploy.0 = Debug|Any CPU
		{7BC11524-770B-41E5-A076-F37EB84C3A67}.Release|Any CPU.ActiveCfg = Release|Any CPU
		{7BC11524-770B-41E5-A076-F37EB84C3A67}.Release|Any CPU.Build.0 = Release|Any CPU
		{7BC11524-770B-41E5-A076-F37EB84C3A67}.Release|Any CPU.Deploy.0 = Release|Any CPU
		{6E9F957C-8715-4B57-A897-AA20BD830A36}.Debug|Any CPU.ActiveCfg = Debug|Any CPU
		{6E9F957C-8715-4B57-A897-AA20BD830A36}.Debug|Any CPU.Build.0 = Debug|Any CPU
		{6E9F957C-8715-4B57-A897-AA20BD830A36}.Release|Any CPU.ActiveCfg = Release|Any CPU
		{6E9F957C-8715-4B57-A897-AA20BD830A36}.Release|Any CPU.Build.0 = Release|Any CPU
	EndGlobalSection
	GlobalSection(SolutionProperties) = preSolution
		HideSolutionNode = FALSE
	EndGlobalSection
	GlobalSection(ExtensibilityGlobals) = postSolution
		SolutionGuid = {5870930D-00ED-428A-9705-104C3A31CACB}
	EndGlobalSection
EndGlobal
